
Microsoft Visual Studio Solution File, Format Version 12.00
# Visual Studio Version 17
VisualStudioVersion = 17.10.34916.146
MinimumVisualStudioVersion = 10.0.40219.1
Project("{FAE04EC0-301F-11D3-BF4B-00C04F79EFBC}") = "EComWEBUI.WebUI", "EComWEBUI.WebUI\EComWEBUI.WebUI.csproj", "{C3204C2F-80CA-4A17-81A7-7EE0D1B60387}"
EndProject
Project("{FAE04EC0-301F-11D3-BF4B-00C04F79EFBC}") = "EComWEBUI.Core", "EComWEBUI.Core\EComWEBUI.Core.csproj", "{792B3D9A-9A28-4E9C-A918-62BB2E50C740}"
EndProject
Global
	GlobalSection(SolutionConfigurationPlatforms) = preSolution
		Debug|Any CPU = Debug|Any CPU
		Release|Any CPU = Release|Any CPU
	EndGlobalSection
	GlobalSection(ProjectConfigurationPlatforms) = postSolution
		{C3204C2F-80CA-4A17-81A7-7EE0D1B60387}.Debug|Any CPU.ActiveCfg = Debug|Any CPU
		{C3204C2F-80CA-4A17-81A7-7EE0D1B60387}.Debug|Any CPU.Build.0 = Debug|Any CPU
		{C3204C2F-80CA-4A17-81A7-7EE0D1B60387}.Release|Any CPU.ActiveCfg = Release|Any CPU
		{C3204C2F-80CA-4A17-81A7-7EE0D1B60387}.Release|Any CPU.Build.0 = Release|Any CPU
		{792B3D9A-9A28-4E9C-A918-62BB2E50C740}.Debug|Any CPU.ActiveCfg = Debug|Any CPU
		{792B3D9A-9A28-4E9C-A918-62BB2E50C740}.Debug|Any CPU.Build.0 = Debug|Any CPU
		{792B3D9A-9A28-4E9C-A918-62BB2E50C740}.Release|Any CPU.ActiveCfg = Release|Any CPU
		{792B3D9A-9A28-4E9C-A918-62BB2E50C740}.Release|Any CPU.Build.0 = Release|Any CPU
	EndGlobalSection
	GlobalSection(SolutionProperties) = preSolution
		HideSolutionNode = FALSE
	EndGlobalSection
	GlobalSection(ExtensibilityGlobals) = postSolution
		SolutionGuid = {C764B47E-0BD8-49CB-9F06-B32980A29564}
	EndGlobalSection
EndGlobal
